
Microsoft Visual Studio Solution File, Format Version 12.00
# Visual Studio Version 16
VisualStudioVersion = 16.0.30320.27
MinimumVisualStudioVersion = 10.0.40219.1
Project("{FAE04EC0-301F-11D3-BF4B-00C04F79EFBC}") = "CapaDatos", "CapaDatos\CapaDatos.csproj", "{D292101B-AB47-40A2-82DB-764C200C75B2}"
EndProject
Project("{FAE04EC0-301F-11D3-BF4B-00C04F79EFBC}") = "CapaNegocio", "CapaNegocio\CapaNegocio.csproj", "{77B32805-836C-4CE8-AF83-06D65085AE12}"
EndProject
Project("{FAE04EC0-301F-11D3-BF4B-00C04F79EFBC}") = "CapaPresentacion", "CapaPresentacion\CapaPresentacion.csproj", "{2A96FF8D-D593-4CB0-87A6-A604D1F919C4}"
EndProject
Global
	GlobalSection(SolutionConfigurationPlatforms) = preSolution
		Debug|Any CPU = Debug|Any CPU
		Release|Any CPU = Release|Any CPU
	EndGlobalSection
	GlobalSection(ProjectConfigurationPlatforms) = postSolution
		{D292101B-AB47-40A2-82DB-764C200C75B2}.Debug|Any CPU.ActiveCfg = Debug|Any CPU
		{D292101B-AB47-40A2-82DB-764C200C75B2}.Debug|Any CPU.Build.0 = Debug|Any CPU
		{D292101B-AB47-40A2-82DB-764C200C75B2}.Release|Any CPU.ActiveCfg = Release|Any CPU
		{D292101B-AB47-40A2-82DB-764C200C75B2}.Release|Any CPU.Build.0 = Release|Any CPU
		{77B32805-836C-4CE8-AF83-06D65085AE12}.Debug|Any CPU.ActiveCfg = Debug|Any CPU
		{77B32805-836C-4CE8-AF83-06D65085AE12}.Debug|Any CPU.Build.0 = Debug|Any CPU
		{77B32805-836C-4CE8-AF83-06D65085AE12}.Release|Any CPU.ActiveCfg = Release|Any CPU
		{77B32805-836C-4CE8-AF83-06D65085AE12}.Release|Any CPU.Build.0 = Release|Any CPU
		{2A96FF8D-D593-4CB0-87A6-A604D1F919C4}.Debug|Any CPU.ActiveCfg = Debug|Any CPU
		{2A96FF8D-D593-4CB0-87A6-A604D1F919C4}.Debug|Any CPU.Build.0 = Debug|Any CPU
		{2A96FF8D-D593-4CB0-87A6-A604D1F919C4}.Release|Any CPU.ActiveCfg = Release|Any CPU
		{2A96FF8D-D593-4CB0-87A6-A604D1F919C4}.Release|Any CPU.Build.0 = Release|Any CPU
	EndGlobalSection
	GlobalSection(SolutionProperties) = preSolution
		HideSolutionNode = FALSE
	EndGlobalSection
	GlobalSection(ExtensibilityGlobals) = postSolution
		SolutionGuid = {C5474CBF-FDB6-4011-BCA0-7CEA63846F94}
	EndGlobalSection
EndGlobal
